
Microsoft Visual Studio Solution File, Format Version 12.00
# Visual Studio Version 16
VisualStudioVersion = 16.0.31129.286
MinimumVisualStudioVersion = 10.0.40219.1
Project("{888888A0-9F3D-457C-B088-3A5042F75D52}") = "Palgad(Delija)", "Palgad(Delija)\Palgad(Delija).pyproj", "{B4ADD7D8-BD1A-4D0C-ABFD-16AC6E36CA9D}"
EndProject
Global
	GlobalSection(SolutionConfigurationPlatforms) = preSolution
		Debug|Any CPU = Debug|Any CPU
		Release|Any CPU = Release|Any CPU
	EndGlobalSection
	GlobalSection(ProjectConfigurationPlatforms) = postSolution
		{B4ADD7D8-BD1A-4D0C-ABFD-16AC6E36CA9D}.Debug|Any CPU.ActiveCfg = Debug|Any CPU
		{B4ADD7D8-BD1A-4D0C-ABFD-16AC6E36CA9D}.Release|Any CPU.ActiveCfg = Release|Any CPU
	EndGlobalSection
	GlobalSection(SolutionProperties) = preSolution
		HideSolutionNode = FALSE
	EndGlobalSection
	GlobalSection(ExtensibilityGlobals) = postSolution
		SolutionGuid = {ACBA1ED9-E683-4981-900C-2A8E4B04FB1F}
	EndGlobalSection
EndGlobal
